
Microsoft Visual Studio Solution File, Format Version 12.00
# Visual Studio Version 16
VisualStudioVersion = 16.0.30225.117
MinimumVisualStudioVersion = 10.0.40219.1
Project("{FAE04EC0-301F-11D3-BF4B-00C04F79EFBC}") = "Reflections Hands-On", "Reflections Hands-On\Reflections Hands-On.csproj", "{7655F1C2-D851-49A7-9867-D3F4ACD9C19C}"
EndProject
Global
	GlobalSection(SolutionConfigurationPlatforms) = preSolution
		Debug|Any CPU = Debug|Any CPU
		Release|Any CPU = Release|Any CPU
	EndGlobalSection
	GlobalSection(ProjectConfigurationPlatforms) = postSolution
		{7655F1C2-D851-49A7-9867-D3F4ACD9C19C}.Debug|Any CPU.ActiveCfg = Debug|Any CPU
		{7655F1C2-D851-49A7-9867-D3F4ACD9C19C}.Debug|Any CPU.Build.0 = Debug|Any CPU
		{7655F1C2-D851-49A7-9867-D3F4ACD9C19C}.Release|Any CPU.ActiveCfg = Release|Any CPU
		{7655F1C2-D851-49A7-9867-D3F4ACD9C19C}.Release|Any CPU.Build.0 = Release|Any CPU
	EndGlobalSection
	GlobalSection(SolutionProperties) = preSolution
		HideSolutionNode = FALSE
	EndGlobalSection
	GlobalSection(ExtensibilityGlobals) = postSolution
		SolutionGuid = {69299058-7604-4439-9026-87FE50032BAE}
	EndGlobalSection
EndGlobal
